
Microsoft Visual Studio Solution File, Format Version 12.00
# Visual Studio 15
VisualStudioVersion = 15.0.28307.329
MinimumVisualStudioVersion = 10.0.40219.1
Project("{9A19103F-16F7-4668-BE54-9A1E7A4F7556}") = "DevOpsInADayWeb", "DevOpsInADayWeb\DevOpsInADayWeb.csproj", "{23BB80A7-CE06-457A-973D-3EF8AF0DE87E}"
EndProject
Project("{9A19103F-16F7-4668-BE54-9A1E7A4F7556}") = "DevOpsInADayWeb.UnitTest", "DevOpsInADayWeb.Test\DevOpsInADayWeb.UnitTest.csproj", "{C3AB41D9-04C2-4CDD-B782-E627A65B38C9}"
EndProject
Project("{151D2E53-A2C4-4D7D-83FE-D05416EBD58E}") = "DevOpsInADayDeployment", "DevOpsInADayDeployment\DevOpsInADayDeployment.deployproj", "{30FB41A4-E00A-4262-BEA3-79EA4BFF3ED1}"
EndProject
Global
	GlobalSection(SolutionConfigurationPlatforms) = preSolution
		Debug|Any CPU = Debug|Any CPU
		Release|Any CPU = Release|Any CPU
	EndGlobalSection
	GlobalSection(ProjectConfigurationPlatforms) = postSolution
		{23BB80A7-CE06-457A-973D-3EF8AF0DE87E}.Debug|Any CPU.ActiveCfg = Debug|Any CPU
		{23BB80A7-CE06-457A-973D-3EF8AF0DE87E}.Debug|Any CPU.Build.0 = Debug|Any CPU
		{23BB80A7-CE06-457A-973D-3EF8AF0DE87E}.Release|Any CPU.ActiveCfg = Release|Any CPU
		{23BB80A7-CE06-457A-973D-3EF8AF0DE87E}.Release|Any CPU.Build.0 = Release|Any CPU
		{C3AB41D9-04C2-4CDD-B782-E627A65B38C9}.Debug|Any CPU.ActiveCfg = Debug|Any CPU
		{C3AB41D9-04C2-4CDD-B782-E627A65B38C9}.Debug|Any CPU.Build.0 = Debug|Any CPU
		{C3AB41D9-04C2-4CDD-B782-E627A65B38C9}.Release|Any CPU.ActiveCfg = Release|Any CPU
		{C3AB41D9-04C2-4CDD-B782-E627A65B38C9}.Release|Any CPU.Build.0 = Release|Any CPU
		{30FB41A4-E00A-4262-BEA3-79EA4BFF3ED1}.Debug|Any CPU.ActiveCfg = Debug|Any CPU
		{30FB41A4-E00A-4262-BEA3-79EA4BFF3ED1}.Debug|Any CPU.Build.0 = Debug|Any CPU
		{30FB41A4-E00A-4262-BEA3-79EA4BFF3ED1}.Release|Any CPU.ActiveCfg = Release|Any CPU
		{30FB41A4-E00A-4262-BEA3-79EA4BFF3ED1}.Release|Any CPU.Build.0 = Release|Any CPU
	EndGlobalSection
	GlobalSection(SolutionProperties) = preSolution
		HideSolutionNode = FALSE
	EndGlobalSection
	GlobalSection(ExtensibilityGlobals) = postSolution
		SolutionGuid = {5DE47C89-6B9D-4387-B374-55BEF5FF9FDA}
	EndGlobalSection
EndGlobal
